// !$*UTF8*$!
{
	archiveVersion = 1;
	classes = {
	};
	objectVersion = 46;
	objects = {

/* Begin PBXBuildFile section */
		B21B9A6B1E6FCF9600F98B46 /* ViewController.swift in Sources */ = {isa = PBXBuildFile; fileRef = B21B9A6A1E6FCF9600F98B46 /* ViewController.swift */; };
		B21B9A6D1E6FD00600F98B46 /* TabBarController.swift in Sources */ = {isa = PBXBuildFile; fileRef = B21B9A6C1E6FD00600F98B46 /* TabBarController.swift */; };
		B21B9A751E6FD24400F98B46 /* HomeViewController.swift in Sources */ = {isa = PBXBuildFile; fileRef = B21B9A721E6FD24400F98B46 /* HomeViewController.swift */; };
		B21B9A771E6FD26400F98B46 /* FindViewController.swift in Sources */ = {isa = PBXBuildFile; fileRef = B21B9A761E6FD26400F98B46 /* FindViewController.swift */; };
		B21B9A791E6FD27200F98B46 /* MsgViewController.swift in Sources */ = {isa = PBXBuildFile; fileRef = B21B9A781E6FD27200F98B46 /* MsgViewController.swift */; };
		B21B9A7B1E6FD28700F98B46 /* MyViewController.swift in Sources */ = {isa = PBXBuildFile; fileRef = B21B9A7A1E6FD28700F98B46 /* MyViewController.swift */; };
		B21B9A7D1E6FF50400F98B46 /* HomeTableViewCell.swift in Sources */ = {isa = PBXBuildFile; fileRef = B21B9A7C1E6FF50400F98B46 /* HomeTableViewCell.swift */; };
		B22D4ADB1E723537002B9BEE /* MyCollectionViewCell.swift in Sources */ = {isa = PBXBuildFile; fileRef = B22D4AD91E723537002B9BEE /* MyCollectionViewCell.swift */; };
		B22D4ADC1E723537002B9BEE /* MyCollectionViewCell.xib in Resources */ = {isa = PBXBuildFile; fileRef = B22D4ADA1E723537002B9BEE /* MyCollectionViewCell.xib */; };
		B2A7102F1E72A3B90073DA57 /* HomeViewControllerSecond.swift in Sources */ = {isa = PBXBuildFile; fileRef = B2A7102E1E72A3B90073DA57 /* HomeViewControllerSecond.swift */; };
		B2D575DA1E7154C80019D20F /* MsgCollectionViewCell.swift in Sources */ = {isa = PBXBuildFile; fileRef = B2D575D91E7154C80019D20F /* MsgCollectionViewCell.swift */; };
		B2D5760E1E715F4A0019D20F /* Align.swift in Sources */ = {isa = PBXBuildFile; fileRef = B2D575F71E715F4A0019D20F /* Align.swift */; };
		B2D5760F1E715F4A0019D20F /* Coefficients.swift in Sources */ = {isa = PBXBuildFile; fileRef = B2D575F91E715F4A0019D20F /* Coefficients.swift */; };
		B2D576101E715F4A0019D20F /* Compound.swift in Sources */ = {isa = PBXBuildFile; fileRef = B2D575FA1E715F4A0019D20F /* Compound.swift */; };
		B2D576111E715F4A0019D20F /* Constrain.swift in Sources */ = {isa = PBXBuildFile; fileRef = B2D575FB1E715F4A0019D20F /* Constrain.swift */; };
		B2D576121E715F4A0019D20F /* Constraint.swift in Sources */ = {isa = PBXBuildFile; fileRef = B2D575FC1E715F4A0019D20F /* Constraint.swift */; };
		B2D576131E715F4A0019D20F /* ConstraintGroup.swift in Sources */ = {isa = PBXBuildFile; fileRef = B2D575FD1E715F4A0019D20F /* ConstraintGroup.swift */; };
		B2D576141E715F4A0019D20F /* Context.swift in Sources */ = {isa = PBXBuildFile; fileRef = B2D575FE1E715F4A0019D20F /* Context.swift */; };
		B2D576151E715F4A0019D20F /* Dimension.swift in Sources */ = {isa = PBXBuildFile; fileRef = B2D575FF1E715F4A0019D20F /* Dimension.swift */; };
		B2D576161E715F4A0019D20F /* Distribute.swift in Sources */ = {isa = PBXBuildFile; fileRef = B2D576001E715F4A0019D20F /* Distribute.swift */; };
		B2D576171E715F4A0019D20F /* Edge.swift in Sources */ = {isa = PBXBuildFile; fileRef = B2D576011E715F4A0019D20F /* Edge.swift */; };
		B2D576181E715F4A0019D20F /* Edges.swift in Sources */ = {isa = PBXBuildFile; fileRef = B2D576021E715F4A0019D20F /* Edges.swift */; };
		B2D576191E715F4A0019D20F /* Expression.swift in Sources */ = {isa = PBXBuildFile; fileRef = B2D576031E715F4A0019D20F /* Expression.swift */; };
		B2D5761A1E715F4A0019D20F /* Extensions.swift in Sources */ = {isa = PBXBuildFile; fileRef = B2D576041E715F4A0019D20F /* Extensions.swift */; };
		B2D5761B1E715F4A0019D20F /* Info.plist in Resources */ = {isa = PBXBuildFile; fileRef = B2D576051E715F4A0019D20F /* Info.plist */; };
		B2D5761C1E715F4A0019D20F /* LayoutProxy.swift in Sources */ = {isa = PBXBuildFile; fileRef = B2D576061E715F4A0019D20F /* LayoutProxy.swift */; };
		B2D5761D1E715F4A0019D20F /* LayoutSupport.swift in Sources */ = {isa = PBXBuildFile; fileRef = B2D576071E715F4A0019D20F /* LayoutSupport.swift */; };
		B2D5761E1E715F4A0019D20F /* Point.swift in Sources */ = {isa = PBXBuildFile; fileRef = B2D576081E715F4A0019D20F /* Point.swift */; };
		B2D5761F1E715F4A0019D20F /* Priority.swift in Sources */ = {isa = PBXBuildFile; fileRef = B2D576091E715F4A0019D20F /* Priority.swift */; };
		B2D576201E715F4A0019D20F /* Property.swift in Sources */ = {isa = PBXBuildFile; fileRef = B2D5760A1E715F4A0019D20F /* Property.swift */; };
		B2D576211E715F4A0019D20F /* Size.swift in Sources */ = {isa = PBXBuildFile; fileRef = B2D5760B1E715F4A0019D20F /* Size.swift */; };
		B2D576221E715F4A0019D20F /* View.swift in Sources */ = {isa = PBXBuildFile; fileRef = B2D5760C1E715F4A0019D20F /* View.swift */; };
		B2D576231E715F4A0019D20F /* ViewUtils.swift in Sources */ = {isa = PBXBuildFile; fileRef = B2D5760D1E715F4A0019D20F /* ViewUtils.swift */; };
		B2E904321E6E3A9E00294DA5 /* AppDelegate.swift in Sources */ = {isa = PBXBuildFile; fileRef = B2E904311E6E3A9E00294DA5 /* AppDelegate.swift */; };
		B2E904371E6E3A9E00294DA5 /* Main.storyboard in Resources */ = {isa = PBXBuildFile; fileRef = B2E904351E6E3A9E00294DA5 /* Main.storyboard */; };
		B2E904391E6E3A9E00294DA5 /* Assets.xcassets in Resources */ = {isa = PBXBuildFile; fileRef = B2E904381E6E3A9E00294DA5 /* Assets.xcassets */; };
		B2E9043C1E6E3A9E00294DA5 /* LaunchScreen.storyboard in Resources */ = {isa = PBXBuildFile; fileRef = B2E9043A1E6E3A9E00294DA5 /* LaunchScreen.storyboard */; };
		B2E904471E6E3A9E00294DA5 /* Swift_LXTests.swift in Sources */ = {isa = PBXBuildFile; fileRef = B2E904461E6E3A9E00294DA5 /* Swift_LXTests.swift */; };
		B2E904521E6E3A9E00294DA5 /* Swift_LXUITests.swift in Sources */ = {isa = PBXBuildFile; fileRef = B2E904511E6E3A9E00294DA5 /* Swift_LXUITests.swift */; };
/* End PBXBuildFile section */

/* Begin PBXContainerItemProxy section */
		B2E904431E6E3A9E00294DA5 /* PBXContainerItemProxy */ = {
			isa = PBXContainerItemProxy;
			containerPortal = B2E904261E6E3A9E00294DA5 /* Project object */;
			proxyType = 1;
			remoteGlobalIDString = B2E9042D1E6E3A9E00294DA5;
			remoteInfo = Swift_LX;
		};
		B2E9044E1E6E3A9E00294DA5 /* PBXContainerItemProxy */ = {
			isa = PBXContainerItemProxy;
			containerPortal = B2E904261E6E3A9E00294DA5 /* Project object */;
			proxyType = 1;
			remoteGlobalIDString = B2E9042D1E6E3A9E00294DA5;
			remoteInfo = Swift_LX;
		};
/* End PBXContainerItemProxy section */

/* Begin PBXFileReference section */
		B21B9A6A1E6FCF9600F98B46 /* ViewController.swift */ = {isa = PBXFileReference; fileEncoding = 4; lastKnownFileType = sourcecode.swift; path = ViewController.swift; sourceTree = "<group>"; };
		B21B9A6C1E6FD00600F98B46 /* TabBarController.swift */ = {isa = PBXFileReference; fileEncoding = 4; lastKnownFileType = sourcecode.swift; path = TabBarController.swift; sourceTree = "<group>"; };
		B21B9A721E6FD24400F98B46 /* HomeViewController.swift */ = {isa = PBXFileReference; fileEncoding = 4; lastKnownFileType = sourcecode.swift; path = HomeViewController.swift; sourceTree = "<group>"; };
		B21B9A761E6FD26400F98B46 /* FindViewController.swift */ = {isa = PBXFileReference; fileEncoding = 4; lastKnownFileType = sourcecode.swift; path = FindViewController.swift; sourceTree = "<group>"; };
		B21B9A781E6FD27200F98B46 /* MsgViewController.swift */ = {isa = PBXFileReference; fileEncoding = 4; lastKnownFileType = sourcecode.swift; path = MsgViewController.swift; sourceTree = "<group>"; };
		B21B9A7A1E6FD28700F98B46 /* MyViewController.swift */ = {isa = PBXFileReference; fileEncoding = 4; lastKnownFileType = sourcecode.swift; path = MyViewController.swift; sourceTree = "<group>"; };
		B21B9A7C1E6FF50400F98B46 /* HomeTableViewCell.swift */ = {isa = PBXFileReference; fileEncoding = 4; lastKnownFileType = sourcecode.swift; path = HomeTableViewCell.swift; sourceTree = "<group>"; };
		B22D4AD91E723537002B9BEE /* MyCollectionViewCell.swift */ = {isa = PBXFileReference; fileEncoding = 4; lastKnownFileType = sourcecode.swift; path = MyCollectionViewCell.swift; sourceTree = "<group>"; };
		B22D4ADA1E723537002B9BEE /* MyCollectionViewCell.xib */ = {isa = PBXFileReference; fileEncoding = 4; lastKnownFileType = file.xib; path = MyCollectionViewCell.xib; sourceTree = "<group>"; };
		B2A7102E1E72A3B90073DA57 /* HomeViewControllerSecond.swift */ = {isa = PBXFileReference; fileEncoding = 4; lastKnownFileType = sourcecode.swift; path = HomeViewControllerSecond.swift; sourceTree = "<group>"; };
		B2D575D91E7154C80019D20F /* MsgCollectionViewCell.swift */ = {isa = PBXFileReference; fileEncoding = 4; lastKnownFileType = sourcecode.swift; path = MsgCollectionViewCell.swift; sourceTree = "<group>"; };
		B2D575F71E715F4A0019D20F /* Align.swift */ = {isa = PBXFileReference; fileEncoding = 4; lastKnownFileType = sourcecode.swift; path = Align.swift; sourceTree = "<group>"; };
		B2D575F81E715F4A0019D20F /* Cartography.h */ = {isa = PBXFileReference; fileEncoding = 4; lastKnownFileType = sourcecode.c.h; path = Cartography.h; sourceTree = "<group>"; };
		B2D575F91E715F4A0019D20F /* Coefficients.swift */ = {isa = PBXFileReference; fileEncoding = 4; lastKnownFileType = sourcecode.swift; path = Coefficients.swift; sourceTree = "<group>"; };
		B2D575FA1E715F4A0019D20F /* Compound.swift */ = {isa = PBXFileReference; fileEncoding = 4; lastKnownFileType = sourcecode.swift; path = Compound.swift; sourceTree = "<group>"; };
		B2D575FB1E715F4A0019D20F /* Constrain.swift */ = {isa = PBXFileReference; fileEncoding = 4; lastKnownFileType = sourcecode.swift; path = Constrain.swift; sourceTree = "<group>"; };
		B2D575FC1E715F4A0019D20F /* Constraint.swift */ = {isa = PBXFileReference; fileEncoding = 4; lastKnownFileType = sourcecode.swift; path = Constraint.swift; sourceTree = "<group>"; };
		B2D575FD1E715F4A0019D20F /* ConstraintGroup.swift */ = {isa = PBXFileReference; fileEncoding = 4; lastKnownFileType = sourcecode.swift; path = ConstraintGroup.swift; sourceTree = "<group>"; };
		B2D575FE1E715F4A0019D20F /* Context.swift */ = {isa = PBXFileReference; fileEncoding = 4; lastKnownFileType = sourcecode.swift; path = Context.swift; sourceTree = "<group>"; };
		B2D575FF1E715F4A0019D20F /* Dimension.swift */ = {isa = PBXFileReference; fileEncoding = 4; lastKnownFileType = sourcecode.swift; path = Dimension.swift; sourceTree = "<group>"; };
		B2D576001E715F4A0019D20F /* Distribute.swift */ = {isa = PBXFileReference; fileEncoding = 4; lastKnownFileType = sourcecode.swift; path = Distribute.swift; sourceTree = "<group>"; };
		B2D576011E715F4A0019D20F /* Edge.swift */ = {isa = PBXFileReference; fileEncoding = 4; lastKnownFileType = sourcecode.swift; path = Edge.swift; sourceTree = "<group>"; };
		B2D576021E715F4A0019D20F /* Edges.swift */ = {isa = PBXFileReference; fileEncoding = 4; lastKnownFileType = sourcecode.swift; path = Edges.swift; sourceTree = "<group>"; };
		B2D576031E715F4A0019D20F /* Expression.swift */ = {isa = PBXFileReference; fileEncoding = 4; lastKnownFileType = sourcecode.swift; path = Expression.swift; sourceTree = "<group>"; };
		B2D576041E715F4A0019D20F /* Extensions.swift */ = {isa = PBXFileReference; fileEncoding = 4; lastKnownFileType = sourcecode.swift; path = Extensions.swift; sourceTree = "<group>"; };
		B2D576051E715F4A0019D20F /* Info.plist */ = {isa = PBXFileReference; fileEncoding = 4; lastKnownFileType = text.plist.xml; path = Info.plist; sourceTree = "<group>"; };
		B2D576061E715F4A0019D20F /* LayoutProxy.swift */ = {isa = PBXFileReference; fileEncoding = 4; lastKnownFileType = sourcecode.swift; path = LayoutProxy.swift; sourceTree = "<group>"; };
		B2D576071E715F4A0019D20F /* LayoutSupport.swift */ = {isa = PBXFileReference; fileEncoding = 4; lastKnownFileType = sourcecode.swift; path = LayoutSupport.swift; sourceTree = "<group>"; };
		B2D576081E715F4A0019D20F /* Point.swift */ = {isa = PBXFileReference; fileEncoding = 4; lastKnownFileType = sourcecode.swift; path = Point.swift; sourceTree = "<group>"; };
		B2D576091E715F4A0019D20F /* Priority.swift */ = {isa = PBXFileReference; fileEncoding = 4; lastKnownFileType = sourcecode.swift; path = Priority.swift; sourceTree = "<group>"; };
		B2D5760A1E715F4A0019D20F /* Property.swift */ = {isa = PBXFileReference; fileEncoding = 4; lastKnownFileType = sourcecode.swift; path = Property.swift; sourceTree = "<group>"; };
		B2D5760B1E715F4A0019D20F /* Size.swift */ = {isa = PBXFileReference; fileEncoding = 4; lastKnownFileType = sourcecode.swift; path = Size.swift; sourceTree = "<group>"; };
		B2D5760C1E715F4A0019D20F /* View.swift */ = {isa = PBXFileReference; fileEncoding = 4; lastKnownFileType = sourcecode.swift; path = View.swift; sourceTree = "<group>"; };
		B2D5760D1E715F4A0019D20F /* ViewUtils.swift */ = {isa = PBXFileReference; fileEncoding = 4; lastKnownFileType = sourcecode.swift; path = ViewUtils.swift; sourceTree = "<group>"; };
		B2E9042E1E6E3A9E00294DA5 /* Swift_LX.app */ = {isa = PBXFileReference; explicitFileType = wrapper.application; includeInIndex = 0; path = Swift_LX.app; sourceTree = BUILT_PRODUCTS_DIR; };
		B2E904311E6E3A9E00294DA5 /* AppDelegate.swift */ = {isa = PBXFileReference; lastKnownFileType = sourcecode.swift; path = AppDelegate.swift; sourceTree = "<group>"; };
		B2E904361E6E3A9E00294DA5 /* Base */ = {isa = PBXFileReference; lastKnownFileType = file.storyboard; name = Base; path = Base.lproj/Main.storyboard; sourceTree = "<group>"; };
		B2E904381E6E3A9E00294DA5 /* Assets.xcassets */ = {isa = PBXFileReference; lastKnownFileType = folder.assetcatalog; path = Assets.xcassets; sourceTree = "<group>"; };
		B2E9043B1E6E3A9E00294DA5 /* Base */ = {isa = PBXFileReference; lastKnownFileType = file.storyboard; name = Base; path = Base.lproj/LaunchScreen.storyboard; sourceTree = "<group>"; };
		B2E9043D1E6E3A9E00294DA5 /* Info.plist */ = {isa = PBXFileReference; lastKnownFileType = text.plist.xml; path = Info.plist; sourceTree = "<group>"; };
		B2E904421E6E3A9E00294DA5 /* Swift_LXTests.xctest */ = {isa = PBXFileReference; explicitFileType = wrapper.cfbundle; includeInIndex = 0; path = Swift_LXTests.xctest; sourceTree = BUILT_PRODUCTS_DIR; };
		B2E904461E6E3A9E00294DA5 /* Swift_LXTests.swift */ = {isa = PBXFileReference; lastKnownFileType = sourcecode.swift; path = Swift_LXTests.swift; sourceTree = "<group>"; };
		B2E904481E6E3A9E00294DA5 /* Info.plist */ = {isa = PBXFileReference; lastKnownFileType = text.plist.xml; path = Info.plist; sourceTree = "<group>"; };
		B2E9044D1E6E3A9E00294DA5 /* Swift_LXUITests.xctest */ = {isa = PBXFileReference; explicitFileType = wrapper.cfbundle; includeInIndex = 0; path = Swift_LXUITests.xctest; sourceTree = BUILT_PRODUCTS_DIR; };
		B2E904511E6E3A9E00294DA5 /* Swift_LXUITests.swift */ = {isa = PBXFileReference; lastKnownFileType = sourcecode.swift; path = Swift_LXUITests.swift; sourceTree = "<group>"; };
		B2E904531E6E3A9E00294DA5 /* Info.plist */ = {isa = PBXFileReference; lastKnownFileType = text.plist.xml; path = Info.plist; sourceTree = "<group>"; };
/* End PBXFileReference section */

/* Begin PBXFrameworksBuildPhase section */
		B2E9042B1E6E3A9E00294DA5 /* Frameworks */ = {
			isa = PBXFrameworksBuildPhase;
			buildActionMask = 2147483647;
			files = (
			);
			runOnlyForDeploymentPostprocessing = 0;
		};
		B2E9043F1E6E3A9E00294DA5 /* Frameworks */ = {
			isa = PBXFrameworksBuildPhase;
			buildActionMask = 2147483647;
			files = (
			);
			runOnlyForDeploymentPostprocessing = 0;
		};
		B2E9044A1E6E3A9E00294DA5 /* Frameworks */ = {
			isa = PBXFrameworksBuildPhase;
			buildActionMask = 2147483647;
			files = (
			);
			runOnlyForDeploymentPostprocessing = 0;
		};
/* End PBXFrameworksBuildPhase section */

/* Begin PBXGroup section */
		B21B9A701E6FD24400F98B46 /* 发现 */ = {
			isa = PBXGroup;
			children = (
				B21B9A761E6FD26400F98B46 /* FindViewController.swift */,
			);
			path = "发现";
			sourceTree = "<group>";
		};
		B21B9A711E6FD24400F98B46 /* 首页 */ = {
			isa = PBXGroup;
			children = (
				B21B9A721E6FD24400F98B46 /* HomeViewController.swift */,
				B21B9A7C1E6FF50400F98B46 /* HomeTableViewCell.swift */,
				B2A7102E1E72A3B90073DA57 /* HomeViewControllerSecond.swift */,
			);
			path = "首页";
			sourceTree = "<group>";
		};
		B21B9A731E6FD24400F98B46 /* 我的 */ = {
			isa = PBXGroup;
			children = (
				B21B9A7A1E6FD28700F98B46 /* MyViewController.swift */,
				B22D4AD91E723537002B9BEE /* MyCollectionViewCell.swift */,
				B22D4ADA1E723537002B9BEE /* MyCollectionViewCell.xib */,
			);
			path = "我的";
			sourceTree = "<group>";
		};
		B21B9A741E6FD24400F98B46 /* 消息 */ = {
			isa = PBXGroup;
			children = (
				B21B9A781E6FD27200F98B46 /* MsgViewController.swift */,
				B2D575D91E7154C80019D20F /* MsgCollectionViewCell.swift */,
			);
			path = "消息";
			sourceTree = "<group>";
		};
		B2D575DB1E7156500019D20F /* 三方 */ = {
			isa = PBXGroup;
			children = (
				B2D575F61E715F4A0019D20F /* Cartography */,
			);
			name = "三方";
			path = "Swift_LX/三方";
			sourceTree = "<group>";
		};
		B2D575F61E715F4A0019D20F /* Cartography */ = {
			isa = PBXGroup;
			children = (
				B2D575F71E715F4A0019D20F /* Align.swift */,
				B2D575F81E715F4A0019D20F /* Cartography.h */,
				B2D575F91E715F4A0019D20F /* Coefficients.swift */,
				B2D575FA1E715F4A0019D20F /* Compound.swift */,
				B2D575FB1E715F4A0019D20F /* Constrain.swift */,
				B2D575FC1E715F4A0019D20F /* Constraint.swift */,
				B2D575FD1E715F4A0019D20F /* ConstraintGroup.swift */,
				B2D575FE1E715F4A0019D20F /* Context.swift */,
				B2D575FF1E715F4A0019D20F /* Dimension.swift */,
				B2D576001E715F4A0019D20F /* Distribute.swift */,
				B2D576011E715F4A0019D20F /* Edge.swift */,
				B2D576021E715F4A0019D20F /* Edges.swift */,
				B2D576031E715F4A0019D20F /* Expression.swift */,
				B2D576041E715F4A0019D20F /* Extensions.swift */,
				B2D576051E715F4A0019D20F /* Info.plist */,
				B2D576061E715F4A0019D20F /* LayoutProxy.swift */,
				B2D576071E715F4A0019D20F /* LayoutSupport.swift */,
				B2D576081E715F4A0019D20F /* Point.swift */,
				B2D576091E715F4A0019D20F /* Priority.swift */,
				B2D5760A1E715F4A0019D20F /* Property.swift */,
				B2D5760B1E715F4A0019D20F /* Size.swift */,
				B2D5760C1E715F4A0019D20F /* View.swift */,
				B2D5760D1E715F4A0019D20F /* ViewUtils.swift */,
			);
			path = Cartography;
			sourceTree = "<group>";
		};
		B2E904251E6E3A9E00294DA5 = {
			isa = PBXGroup;
			children = (
				B2D575DB1E7156500019D20F /* 三方 */,
				B2E904301E6E3A9E00294DA5 /* Swift_LX */,
				B2E904451E6E3A9E00294DA5 /* Swift_LXTests */,
				B2E904501E6E3A9E00294DA5 /* Swift_LXUITests */,
				B2E9042F1E6E3A9E00294DA5 /* Products */,
			);
			sourceTree = "<group>";
		};
		B2E9042F1E6E3A9E00294DA5 /* Products */ = {
			isa = PBXGroup;
			children = (
				B2E9042E1E6E3A9E00294DA5 /* Swift_LX.app */,
				B2E904421E6E3A9E00294DA5 /* Swift_LXTests.xctest */,
				B2E9044D1E6E3A9E00294DA5 /* Swift_LXUITests.xctest */,
			);
			name = Products;
			sourceTree = "<group>";
		};
		B2E904301E6E3A9E00294DA5 /* Swift_LX */ = {
			isa = PBXGroup;
			children = (
				B2E9045F1E6E3C7200294DA5 /* 标签_导航栏 */,
				B2E904601E6E3C7200294DA5 /* viewController */,
				B2E904311E6E3A9E00294DA5 /* AppDelegate.swift */,
				B21B9A6A1E6FCF9600F98B46 /* ViewController.swift */,
				B2E904351E6E3A9E00294DA5 /* Main.storyboard */,
				B2E904381E6E3A9E00294DA5 /* Assets.xcassets */,
				B2E9043A1E6E3A9E00294DA5 /* LaunchScreen.storyboard */,
				B2E9043D1E6E3A9E00294DA5 /* Info.plist */,
			);
			path = Swift_LX;
			sourceTree = "<group>";
		};
		B2E904451E6E3A9E00294DA5 /* Swift_LXTests */ = {
			isa = PBXGroup;
			children = (
				B2E904461E6E3A9E00294DA5 /* Swift_LXTests.swift */,
				B2E904481E6E3A9E00294DA5 /* Info.plist */,
			);
			path = Swift_LXTests;
			sourceTree = "<group>";
		};
		B2E904501E6E3A9E00294DA5 /* Swift_LXUITests */ = {
			isa = PBXGroup;
			children = (
				B2E904511E6E3A9E00294DA5 /* Swift_LXUITests.swift */,
				B2E904531E6E3A9E00294DA5 /* Info.plist */,
			);
			path = Swift_LXUITests;
			sourceTree = "<group>";
		};
		B2E9045F1E6E3C7200294DA5 /* 标签_导航栏 */ = {
			isa = PBXGroup;
			children = (
				B21B9A6C1E6FD00600F98B46 /* TabBarController.swift */,
			);
			path = "标签_导航栏";
			sourceTree = "<group>";
		};
		B2E904601E6E3C7200294DA5 /* viewController */ = {
			isa = PBXGroup;
			children = (
				B21B9A711E6FD24400F98B46 /* 首页 */,
				B21B9A701E6FD24400F98B46 /* 发现 */,
				B21B9A741E6FD24400F98B46 /* 消息 */,
				B21B9A731E6FD24400F98B46 /* 我的 */,
			);
			path = viewController;
			sourceTree = "<group>";
		};
/* End PBXGroup section */

/* Begin PBXNativeTarget section */
		B2E9042D1E6E3A9E00294DA5 /* Swift_LX */ = {
			isa = PBXNativeTarget;
			buildConfigurationList = B2E904561E6E3A9E00294DA5 /* Build configuration list for PBXNativeTarget "Swift_LX" */;
			buildPhases = (
				B2E9042A1E6E3A9E00294DA5 /* Sources */,
				B2E9042B1E6E3A9E00294DA5 /* Frameworks */,
				B2E9042C1E6E3A9E00294DA5 /* Resources */,
			);
			buildRules = (
			);
			dependencies = (
			);
			name = Swift_LX;
			productName = Swift_LX;
			productReference = B2E9042E1E6E3A9E00294DA5 /* Swift_LX.app */;
			productType = "com.apple.product-type.application";
		};
		B2E904411E6E3A9E00294DA5 /* Swift_LXTests */ = {
			isa = PBXNativeTarget;
			buildConfigurationList = B2E904591E6E3A9E00294DA5 /* Build configuration list for PBXNativeTarget "Swift_LXTests" */;
			buildPhases = (
				B2E9043E1E6E3A9E00294DA5 /* Sources */,
				B2E9043F1E6E3A9E00294DA5 /* Frameworks */,
				B2E904401E6E3A9E00294DA5 /* Resources */,
			);
			buildRules = (
			);
			dependencies = (
				B2E904441E6E3A9E00294DA5 /* PBXTargetDependency */,
			);
			name = Swift_LXTests;
			productName = Swift_LXTests;
			productReference = B2E904421E6E3A9E00294DA5 /* Swift_LXTests.xctest */;
			productType = "com.apple.product-type.bundle.unit-test";
		};
		B2E9044C1E6E3A9E00294DA5 /* Swift_LXUITests */ = {
			isa = PBXNativeTarget;
			buildConfigurationList = B2E9045C1E6E3A9E00294DA5 /* Build configuration list for PBXNativeTarget "Swift_LXUITests" */;
			buildPhases = (
				B2E904491E6E3A9E00294DA5 /* Sources */,
				B2E9044A1E6E3A9E00294DA5 /* Frameworks */,
				B2E9044B1E6E3A9E00294DA5 /* Resources */,
			);
			buildRules = (
			);
			dependencies = (
				B2E9044F1E6E3A9E00294DA5 /* PBXTargetDependency */,
			);
			name = Swift_LXUITests;
			productName = Swift_LXUITests;
			productReference = B2E9044D1E6E3A9E00294DA5 /* Swift_LXUITests.xctest */;
			productType = "com.apple.product-type.bundle.ui-testing";
		};
/* End PBXNativeTarget section */

/* Begin PBXProject section */
		B2E904261E6E3A9E00294DA5 /* Project object */ = {
			isa = PBXProject;
			attributes = {
				LastSwiftUpdateCheck = 0820;
				LastUpgradeCheck = 0820;
				ORGANIZATIONNAME = Kbird;
				TargetAttributes = {
					B2E9042D1E6E3A9E00294DA5 = {
						CreatedOnToolsVersion = 8.2.1;
						DevelopmentTeam = 743YDQYNH6;
						ProvisioningStyle = Automatic;
					};
					B2E904411E6E3A9E00294DA5 = {
						CreatedOnToolsVersion = 8.2.1;
						DevelopmentTeam = 743YDQYNH6;
						ProvisioningStyle = Automatic;
						TestTargetID = B2E9042D1E6E3A9E00294DA5;
					};
					B2E9044C1E6E3A9E00294DA5 = {
						CreatedOnToolsVersion = 8.2.1;
						DevelopmentTeam = 743YDQYNH6;
						ProvisioningStyle = Automatic;
						TestTargetID = B2E9042D1E6E3A9E00294DA5;
					};
				};
			};
			buildConfigurationList = B2E904291E6E3A9E00294DA5 /* Build configuration list for PBXProject "Swift_LX" */;
			compatibilityVersion = "Xcode 3.2";
			developmentRegion = English;
			hasScannedForEncodings = 0;
			knownRegions = (
				en,
				Base,
			);
			mainGroup = B2E904251E6E3A9E00294DA5;
			productRefGroup = B2E9042F1E6E3A9E00294DA5 /* Products */;
			projectDirPath = "";
			projectRoot = "";
			targets = (
				B2E9042D1E6E3A9E00294DA5 /* Swift_LX */,
				B2E904411E6E3A9E00294DA5 /* Swift_LXTests */,
				B2E9044C1E6E3A9E00294DA5 /* Swift_LXUITests */,
			);
		};
/* End PBXProject section */

/* Begin PBXResourcesBuildPhase section */
		B2E9042C1E6E3A9E00294DA5 /* Resources */ = {
			isa = PBXResourcesBuildPhase;
			buildActionMask = 2147483647;
			files = (
				B22D4ADC1E723537002B9BEE /* MyCollectionViewCell.xib in Resources */,
				B2D5761B1E715F4A0019D20F /* Info.plist in Resources */,
				B2E9043C1E6E3A9E00294DA5 /* LaunchScreen.storyboard in Resources */,
				B2E904391E6E3A9E00294DA5 /* Assets.xcassets in Resources */,
				B2E904371E6E3A9E00294DA5 /* Main.storyboard in Resources */,
			);
			runOnlyForDeploymentPostprocessing = 0;
		};
		B2E904401E6E3A9E00294DA5 /* Resources */ = {
			isa = PBXResourcesBuildPhase;
			buildActionMask = 2147483647;
			files = (
			);
			runOnlyForDeploymentPostprocessing = 0;
		};
		B2E9044B1E6E3A9E00294DA5 /* Resources */ = {
			isa = PBXResourcesBuildPhase;
			buildActionMask = 2147483647;
			files = (
			);
			runOnlyForDeploymentPostprocessing = 0;
		};
/* End PBXResourcesBuildPhase section */

/* Begin PBXSourcesBuildPhase section */
		B2E9042A1E6E3A9E00294DA5 /* Sources */ = {
			isa = PBXSourcesBuildPhase;
			buildActionMask = 2147483647;
			files = (
				B22D4ADB1E723537002B9BEE /* MyCollectionViewCell.swift in Sources */,
				B2D576201E715F4A0019D20F /* Property.swift in Sources */,
				B2D576161E715F4A0019D20F /* Distribute.swift in Sources */,
				B21B9A791E6FD27200F98B46 /* MsgViewController.swift in Sources */,
				B21B9A771E6FD26400F98B46 /* FindViewController.swift in Sources */,
				B2D576121E715F4A0019D20F /* Constraint.swift in Sources */,
				B21B9A6D1E6FD00600F98B46 /* TabBarController.swift in Sources */,
				B2D576191E715F4A0019D20F /* Expression.swift in Sources */,
				B2D5760E1E715F4A0019D20F /* Align.swift in Sources */,
				B2D576211E715F4A0019D20F /* Size.swift in Sources */,
				B21B9A7B1E6FD28700F98B46 /* MyViewController.swift in Sources */,
				B2D576151E715F4A0019D20F /* Dimension.swift in Sources */,
				B2D5761D1E715F4A0019D20F /* LayoutSupport.swift in Sources */,
				B2D5761A1E715F4A0019D20F /* Extensions.swift in Sources */,
				B2D576111E715F4A0019D20F /* Constrain.swift in Sources */,
				B21B9A6B1E6FCF9600F98B46 /* ViewController.swift in Sources */,
				B2D576181E715F4A0019D20F /* Edges.swift in Sources */,
				B2D576171E715F4A0019D20F /* Edge.swift in Sources */,
				B2E904321E6E3A9E00294DA5 /* AppDelegate.swift in Sources */,
				B21B9A7D1E6FF50400F98B46 /* HomeTableViewCell.swift in Sources */,
				B2D5761C1E715F4A0019D20F /* LayoutProxy.swift in Sources */,
				B2D576131E715F4A0019D20F /* ConstraintGroup.swift in Sources */,
				B2D5760F1E715F4A0019D20F /* Coefficients.swift in Sources */,
				B2D575DA1E7154C80019D20F /* MsgCollectionViewCell.swift in Sources */,
				B2D576221E715F4A0019D20F /* View.swift in Sources */,
				B2D5761E1E715F4A0019D20F /* Point.swift in Sources */,
				B2D576141E715F4A0019D20F /* Context.swift in Sources */,
				B2D576231E715F4A0019D20F /* ViewUtils.swift in Sources */,
				B2D5761F1E715F4A0019D20F /* Priority.swift in Sources */,
				B2A7102F1E72A3B90073DA57 /* HomeViewControllerSecond.swift in Sources */,
				B2D576101E715F4A0019D20F /* Compound.swift in Sources */,
				B21B9A751E6FD24400F98B46 /* HomeViewController.swift in Sources */,
			);
			runOnlyForDeploymentPostprocessing = 0;
		};
		B2E9043E1E6E3A9E00294DA5 /* Sources */ = {
			isa = PBXSourcesBuildPhase;
			buildActionMask = 2147483647;
			files = (
				B2E904471E6E3A9E00294DA5 /* Swift_LXTests.swift in Sources */,
			);
			runOnlyForDeploymentPostprocessing = 0;
		};
		B2E904491E6E3A9E00294DA5 /* Sources */ = {
			isa = PBXSourcesBuildPhase;
			buildActionMask = 2147483647;
			files = (
				B2E904521E6E3A9E00294DA5 /* Swift_LXUITests.swift in Sources */,
			);
			runOnlyForDeploymentPostprocessing = 0;
		};
/* End PBXSourcesBuildPhase section */

/* Begin PBXTargetDependency section */
		B2E904441E6E3A9E00294DA5 /* PBXTargetDependency */ = {
			isa = PBXTargetDependency;
			target = B2E9042D1E6E3A9E00294DA5 /* Swift_LX */;
			targetProxy = B2E904431E6E3A9E00294DA5 /* PBXContainerItemProxy */;
		};
		B2E9044F1E6E3A9E00294DA5 /* PBXTargetDependency */ = {
			isa = PBXTargetDependency;
			target = B2E9042D1E6E3A9E00294DA5 /* Swift_LX */;
			targetProxy = B2E9044E1E6E3A9E00294DA5 /* PBXContainerItemProxy */;
		};
/* End PBXTargetDependency section */

/* Begin PBXVariantGroup section */
		B2E904351E6E3A9E00294DA5 /* Main.storyboard */ = {
			isa = PBXVariantGroup;
			children = (
				B2E904361E6E3A9E00294DA5 /* Base */,
			);
			name = Main.storyboard;
			sourceTree = "<group>";
		};
		B2E9043A1E6E3A9E00294DA5 /* LaunchScreen.storyboard */ = {
			isa = PBXVariantGroup;
			children = (
				B2E9043B1E6E3A9E00294DA5 /* Base */,
			);
			name = LaunchScreen.storyboard;
			sourceTree = "<group>";
		};
/* End PBXVariantGroup section */

/* Begin XCBuildConfiguration section */
		B2E904541E6E3A9E00294DA5 /* Debug */ = {
			isa = XCBuildConfiguration;
			buildSettings = {
				ALWAYS_SEARCH_USER_PATHS = NO;
				CLANG_ANALYZER_NONNULL = YES;
				CLANG_CXX_LANGUAGE_STANDARD = "gnu++0x";
				CLANG_CXX_LIBRARY = "libc++";
				CLANG_ENABLE_MODULES = YES;
				CLANG_ENABLE_OBJC_ARC = YES;
				CLANG_WARN_BOOL_CONVERSION = YES;
				CLANG_WARN_CONSTANT_CONVERSION = YES;
				CLANG_WARN_DIRECT_OBJC_ISA_USAGE = YES_ERROR;
				CLANG_WARN_DOCUMENTATION_COMMENTS = YES;
				CLANG_WARN_EMPTY_BODY = YES;
				CLANG_WARN_ENUM_CONVERSION = YES;
				CLANG_WARN_INFINITE_RECURSION = YES;
				CLANG_WARN_INT_CONVERSION = YES;
				CLANG_WARN_OBJC_ROOT_CLASS = YES_ERROR;
				CLANG_WARN_SUSPICIOUS_MOVE = YES;
				CLANG_WARN_UNREACHABLE_CODE = YES;
				CLANG_WARN__DUPLICATE_METHOD_MATCH = YES;
				"CODE_SIGN_IDENTITY[sdk=iphoneos*]" = "iPhone Developer";
				COPY_PHASE_STRIP = NO;
				DEBUG_INFORMATION_FORMAT = dwarf;
				ENABLE_STRICT_OBJC_MSGSEND = YES;
				ENABLE_TESTABILITY = YES;
				GCC_C_LANGUAGE_STANDARD = gnu99;
				GCC_DYNAMIC_NO_PIC = NO;
				GCC_NO_COMMON_BLOCKS = YES;
				GCC_OPTIMIZATION_LEVEL = 0;
				GCC_PREPROCESSOR_DEFINITIONS = (
					"DEBUG=1",
					"$(inherited)",
				);
				GCC_WARN_64_TO_32_BIT_CONVERSION = YES;
				GCC_WARN_ABOUT_RETURN_TYPE = YES_ERROR;
				GCC_WARN_UNDECLARED_SELECTOR = YES;
				GCC_WARN_UNINITIALIZED_AUTOS = YES_AGGRESSIVE;
				GCC_WARN_UNUSED_FUNCTION = YES;
				GCC_WARN_UNUSED_VARIABLE = YES;
				IPHONEOS_DEPLOYMENT_TARGET = 10.2;
				MTL_ENABLE_DEBUG_INFO = YES;
				ONLY_ACTIVE_ARCH = YES;
				SDKROOT = iphoneos;
				SWIFT_ACTIVE_COMPILATION_CONDITIONS = DEBUG;
				SWIFT_OPTIMIZATION_LEVEL = "-Onone";
			};
			name = Debug;
		};
		B2E904551E6E3A9E00294DA5 /* Release */ = {
			isa = XCBuildConfiguration;
			buildSettings = {
				ALWAYS_SEARCH_USER_PATHS = NO;
				CLANG_ANALYZER_NONNULL = YES;
				CLANG_CXX_LANGUAGE_STANDARD = "gnu++0x";
				CLANG_CXX_LIBRARY = "libc++";
				CLANG_ENABLE_MODULES = YES;
				CLANG_ENABLE_OBJC_ARC = YES;
				CLANG_WARN_BOOL_CONVERSION = YES;
				CLANG_WARN_CONSTANT_CONVERSION = YES;
				CLANG_WARN_DIRECT_OBJC_ISA_USAGE = YES_ERROR;
				CLANG_WARN_DOCUMENTATION_COMMENTS = YES;
				CLANG_WARN_EMPTY_BODY = YES;
				CLANG_WARN_ENUM_CONVERSION = YES;
				CLANG_WARN_INFINITE_RECURSION = YES;
				CLANG_WARN_INT_CONVERSION = YES;
				CLANG_WARN_OBJC_ROOT_CLASS = YES_ERROR;
				CLANG_WARN_SUSPICIOUS_MOVE = YES;
				CLANG_WARN_UNREACHABLE_CODE = YES;
				CLANG_WARN__DUPLICATE_METHOD_MATCH = YES;
				"CODE_SIGN_IDENTITY[sdk=iphoneos*]" = "iPhone Developer";
				COPY_PHASE_STRIP = NO;
				DEBUG_INFORMATION_FORMAT = "dwarf-with-dsym";
				ENABLE_NS_ASSERTIONS = NO;
				ENABLE_STRICT_OBJC_MSGSEND = YES;
				GCC_C_LANGUAGE_STANDARD = gnu99;
				GCC_NO_COMMON_BLOCKS = YES;
				GCC_WARN_64_TO_32_BIT_CONVERSION = YES;
				GCC_WARN_ABOUT_RETURN_TYPE = YES_ERROR;
				GCC_WARN_UNDECLARED_SELECTOR = YES;
				GCC_WARN_UNINITIALIZED_AUTOS = YES_AGGRESSIVE;
				GCC_WARN_UNUSED_FUNCTION = YES;
				GCC_WARN_UNUSED_VARIABLE = YES;
				IPHONEOS_DEPLOYMENT_TARGET = 10.2;
				MTL_ENABLE_DEBUG_INFO = NO;
				SDKROOT = iphoneos;
				SWIFT_OPTIMIZATION_LEVEL = "-Owholemodule";
				VALIDATE_PRODUCT = YES;
			};
			name = Release;
		};
		B2E904571E6E3A9E00294DA5 /* Debug */ = {
			isa = XCBuildConfiguration;
			buildSettings = {
				ASSETCATALOG_COMPILER_APPICON_NAME = AppIcon;
				DEVELOPMENT_TEAM = 743YDQYNH6;
				INFOPLIST_FILE = Swift_LX/Info.plist;
				IPHONEOS_DEPLOYMENT_TARGET = 9.0;
				LD_RUNPATH_SEARCH_PATHS = "$(inherited) @executable_path/Frameworks";
				PRODUCT_BUNDLE_IDENTIFIER = "com.shiyueOA.Swift-LX";
				PRODUCT_NAME = "$(TARGET_NAME)";
				SWIFT_VERSION = 3.0;
			};
			name = Debug;
		};
		B2E904581E6E3A9E00294DA5 /* Release */ = {
			isa = XCBuildConfiguration;
			buildSettings = {
				ASSETCATALOG_COMPILER_APPICON_NAME = AppIcon;
				DEVELOPMENT_TEAM = 743YDQYNH6;
				INFOPLIST_FILE = Swift_LX/Info.plist;
				IPHONEOS_DEPLOYMENT_TARGET = 9.0;
				LD_RUNPATH_SEARCH_PATHS = "$(inherited) @executable_path/Frameworks";
				PRODUCT_BUNDLE_IDENTIFIER = "com.shiyueOA.Swift-LX";
				PRODUCT_NAME = "$(TARGET_NAME)";
				SWIFT_VERSION = 3.0;
			};
			name = Release;
		};
		B2E9045A1E6E3A9E00294DA5 /* Debug */ = {
			isa = XCBuildConfiguration;
			buildSettings = {
				ALWAYS_EMBED_SWIFT_STANDARD_LIBRARIES = YES;
				BUNDLE_LOADER = "$(TEST_HOST)";
				DEVELOPMENT_TEAM = 743YDQYNH6;
				INFOPLIST_FILE = Swift_LXTests/Info.plist;
				LD_RUNPATH_SEARCH_PATHS = "$(inherited) @executable_path/Frameworks @loader_path/Frameworks";
				PRODUCT_BUNDLE_IDENTIFIER = "com.shiyueOA.Swift-LXTests";
				PRODUCT_NAME = "$(TARGET_NAME)";
				SWIFT_VERSION = 3.0;
				TEST_HOST = "$(BUILT_PRODUCTS_DIR)/Swift_LX.app/Swift_LX";
			};
			name = Debug;
		};
		B2E9045B1E6E3A9E00294DA5 /* Release */ = {
			isa = XCBuildConfiguration;
			buildSettings = {
				ALWAYS_EMBED_SWIFT_STANDARD_LIBRARIES = YES;
				BUNDLE_LOADER = "$(TEST_HOST)";
				DEVELOPMENT_TEAM = 743YDQYNH6;
				INFOPLIST_FILE = Swift_LXTests/Info.plist;
				LD_RUNPATH_SEARCH_PATHS = "$(inherited) @executable_path/Frameworks @loader_path/Frameworks";
				PRODUCT_BUNDLE_IDENTIFIER = "com.shiyueOA.Swift-LXTests";
				PRODUCT_NAME = "$(TARGET_NAME)";
				SWIFT_VERSION = 3.0;
				TEST_HOST = "$(BUILT_PRODUCTS_DIR)/Swift_LX.app/Swift_LX";
			};
			name = Release;
		};
		B2E9045D1E6E3A9E00294DA5 /* Debug */ = {
			isa = XCBuildConfiguration;
			buildSettings = {
				ALWAYS_EMBED_SWIFT_STANDARD_LIBRARIES = YES;
				DEVELOPMENT_TEAM = 743YDQYNH6;
				INFOPLIST_FILE = Swift_LXUITests/Info.plist;
				LD_RUNPATH_SEARCH_PATHS = "$(inherited) @executable_path/Frameworks @loader_path/Frameworks";
				PRODUCT_BUNDLE_IDENTIFIER = "com.shiyueOA.Swift-LXUITests";
				PRODUCT_NAME = "$(TARGET_NAME)";
				SWIFT_VERSION = 3.0;
				TEST_TARGET_NAME = Swift_LX;
			};
			name = Debug;
		};
		B2E9045E1E6E3A9E00294DA5 /* Release */ = {
			isa = XCBuildConfiguration;
			buildSettings = {
				ALWAYS_EMBED_SWIFT_STANDARD_LIBRARIES = YES;
				DEVELOPMENT_TEAM = 743YDQYNH6;
				INFOPLIST_FILE = Swift_LXUITests/Info.plist;
				LD_RUNPATH_SEARCH_PATHS = "$(inherited) @executable_path/Frameworks @loader_path/Frameworks";
				PRODUCT_BUNDLE_IDENTIFIER = "com.shiyueOA.Swift-LXUITests";
				PRODUCT_NAME = "$(TARGET_NAME)";
				SWIFT_VERSION = 3.0;
				TEST_TARGET_NAME = Swift_LX;
			};
			name = Release;
		};
/* End XCBuildConfiguration section */

/* Begin XCConfigurationList section */
		B2E904291E6E3A9E00294DA5 /* Build configuration list for PBXProject "Swift_LX" */ = {
			isa = XCConfigurationList;
			buildConfigurations = (
				B2E904541E6E3A9E00294DA5 /* Debug */,
				B2E904551E6E3A9E00294DA5 /* Release */,
			);
			defaultConfigurationIsVisible = 0;
			defaultConfigurationName = Release;
		};
		B2E904561E6E3A9E00294DA5 /* Build configuration list for PBXNativeTarget "Swift_LX" */ = {
			isa = XCConfigurationList;
			buildConfigurations = (
				B2E904571E6E3A9E00294DA5 /* Debug */,
				B2E904581E6E3A9E00294DA5 /* Release */,
			);
			defaultConfigurationIsVisible = 0;
			defaultConfigurationName = Release;
		};
		B2E904591E6E3A9E00294DA5 /* Build configuration list for PBXNativeTarget "Swift_LXTests" */ = {
			isa = XCConfigurationList;
			buildConfigurations = (
				B2E9045A1E6E3A9E00294DA5 /* Debug */,
				B2E9045B1E6E3A9E00294DA5 /* Release */,
			);
			defaultConfigurationIsVisible = 0;
			defaultConfigurationName = Release;
		};
		B2E9045C1E6E3A9E00294DA5 /* Build configuration list for PBXNativeTarget "Swift_LXUITests" */ = {
			isa = XCConfigurationList;
			buildConfigurations = (
				B2E9045D1E6E3A9E00294DA5 /* Debug */,
				B2E9045E1E6E3A9E00294DA5 /* Release */,
			);
			defaultConfigurationIsVisible = 0;
			defaultConfigurationName = Release;
		};
/* End XCConfigurationList section */
	};
	rootObject = B2E904261E6E3A9E00294DA5 /* Project object */;
}
